# This file is autogenerated, do not edit; changes may be undone by the next 'dep ensure'.


[[projects]]
  name = "github.com/grafov/m3u8"
  packages = ["."]
  revision = "0b86a8a8eaf300b6dfaf5a7a32b6e0b86f094621"
  version = "v0.10"

[solve-meta]
  analyzer-name = "dep"
  analyzer-version = 1
  inputs-digest = "012b0af2f5f1a62bf3eb3407c0932b4786e41fd72b68c4cb855c9d885ef89b6b"
  solver-name = "gps-cdcl"
  solver-version = 1
